
Microsoft Visual Studio Solution File, Format Version 12.00
# Visual Studio Version 17
VisualStudioVersion = 17.5.002.0
MinimumVisualStudioVersion = 10.0.40219.1
Project("{9A19103F-16F7-4668-BE54-9A1E7A4F7556}") = "sda.backend.minimalapi.Core.Auth.Interfaces", "sda.backend.minimalapi.Core.Auth.Interfaces\sda.backend.minimalapi.Core.Auth.Interfaces.csproj", "{8C3246B2-0642-41E8-9CDE-37DD45496767}"
EndProject
Project("{9A19103F-16F7-4668-BE54-9A1E7A4F7556}") = "sda.backend.minimalapi.Core.Auth.Models", "sda.backend.minimalapi.Core.Auth.Models\sda.backend.minimalapi.Core.Auth.Models.csproj", "{1BBBF82C-7B82-4965-9602-C8A2436058D7}"
EndProject
Project("{9A19103F-16F7-4668-BE54-9A1E7A4F7556}") = "sda.backend.minimalapi.Core.Games.Interfaces", "sda.backend.minimalapi.Core.Games.Interfaces\sda.backend.minimalapi.Core.Games.Interfaces.csproj", "{8CDEBFAC-78C4-4E0C-83D5-43527C7A4DA7}"
EndProject
Project("{9A19103F-16F7-4668-BE54-9A1E7A4F7556}") = "sda.backend.minimalapi.Core.Games.Services", "sda.backend.minimalapi.Core.Games.Services\sda.backend.minimalapi.Core.Games.Services.csproj", "{9C6B377E-08C6-4C26-8D03-75CCA21AD548}"
EndProject
Project("{9A19103F-16F7-4668-BE54-9A1E7A4F7556}") = "sda.backend.minimalapi.ui", "sda.backend.minimalapi.ui\sda.backend.minimalapi.ui.csproj", "{A3A9A966-BBEF-48BB-9EBF-6FC25B1D5E6E}"
EndProject
Project("{9A19103F-16F7-4668-BE54-9A1E7A4F7556}") = "sda.backend.web.api.ui", "sda.backend.web.api.ui\sda.backend.web.api.ui.csproj", "{05F3FEA2-5150-445A-AF7A-888D44105E13}"
EndProject
Project("{9A19103F-16F7-4668-BE54-9A1E7A4F7556}") = "sda.backend.minimalapi.Core.Auth.Services", "Services\sda.backend.minimalapi.Core.Auth.Services.csproj", "{635F2682-2FD6-45E7-8004-AE06FF38568C}"
EndProject
Project("{2150E333-8FDC-42A3-9474-1A3956D46DE8}") = "Libs", "Libs", "{A1F89A48-02BC-4CF2-86E2-B7902C9077F5}"
EndProject
Project("{9A19103F-16F7-4668-BE54-9A1E7A4F7556}") = "sda.backend.minimalapi.Core.Games.Models", "Libs\sda.backend.minimalapi.Core.Games.Models\sda.backend.minimalapi.Core.Games.Models.csproj", "{5F99ECFC-9734-482A-840A-833B484C2C24}"
EndProject
Global
	GlobalSection(SolutionConfigurationPlatforms) = preSolution
		Debug|Any CPU = Debug|Any CPU
		Release|Any CPU = Release|Any CPU
	EndGlobalSection
	GlobalSection(ProjectConfigurationPlatforms) = postSolution
		{8C3246B2-0642-41E8-9CDE-37DD45496767}.Debug|Any CPU.ActiveCfg = Debug|Any CPU
		{8C3246B2-0642-41E8-9CDE-37DD45496767}.Debug|Any CPU.Build.0 = Debug|Any CPU
		{8C3246B2-0642-41E8-9CDE-37DD45496767}.Release|Any CPU.ActiveCfg = Release|Any CPU
		{8C3246B2-0642-41E8-9CDE-37DD45496767}.Release|Any CPU.Build.0 = Release|Any CPU
		{1BBBF82C-7B82-4965-9602-C8A2436058D7}.Debug|Any CPU.ActiveCfg = Debug|Any CPU
		{1BBBF82C-7B82-4965-9602-C8A2436058D7}.Debug|Any CPU.Build.0 = Debug|Any CPU
		{1BBBF82C-7B82-4965-9602-C8A2436058D7}.Release|Any CPU.ActiveCfg = Release|Any CPU
		{1BBBF82C-7B82-4965-9602-C8A2436058D7}.Release|Any CPU.Build.0 = Release|Any CPU
		{8CDEBFAC-78C4-4E0C-83D5-43527C7A4DA7}.Debug|Any CPU.ActiveCfg = Debug|Any CPU
		{8CDEBFAC-78C4-4E0C-83D5-43527C7A4DA7}.Debug|Any CPU.Build.0 = Debug|Any CPU
		{8CDEBFAC-78C4-4E0C-83D5-43527C7A4DA7}.Release|Any CPU.ActiveCfg = Release|Any CPU
		{8CDEBFAC-78C4-4E0C-83D5-43527C7A4DA7}.Release|Any CPU.Build.0 = Release|Any CPU
		{9C6B377E-08C6-4C26-8D03-75CCA21AD548}.Debug|Any CPU.ActiveCfg = Debug|Any CPU
		{9C6B377E-08C6-4C26-8D03-75CCA21AD548}.Debug|Any CPU.Build.0 = Debug|Any CPU
		{9C6B377E-08C6-4C26-8D03-75CCA21AD548}.Release|Any CPU.ActiveCfg = Release|Any CPU
		{9C6B377E-08C6-4C26-8D03-75CCA21AD548}.Release|Any CPU.Build.0 = Release|Any CPU
		{A3A9A966-BBEF-48BB-9EBF-6FC25B1D5E6E}.Debug|Any CPU.ActiveCfg = Debug|Any CPU
		{A3A9A966-BBEF-48BB-9EBF-6FC25B1D5E6E}.Debug|Any CPU.Build.0 = Debug|Any CPU
		{A3A9A966-BBEF-48BB-9EBF-6FC25B1D5E6E}.Release|Any CPU.ActiveCfg = Release|Any CPU
		{A3A9A966-BBEF-48BB-9EBF-6FC25B1D5E6E}.Release|Any CPU.Build.0 = Release|Any CPU
		{05F3FEA2-5150-445A-AF7A-888D44105E13}.Debug|Any CPU.ActiveCfg = Debug|Any CPU
		{05F3FEA2-5150-445A-AF7A-888D44105E13}.Debug|Any CPU.Build.0 = Debug|Any CPU
		{05F3FEA2-5150-445A-AF7A-888D44105E13}.Release|Any CPU.ActiveCfg = Release|Any CPU
		{05F3FEA2-5150-445A-AF7A-888D44105E13}.Release|Any CPU.Build.0 = Release|Any CPU
		{635F2682-2FD6-45E7-8004-AE06FF38568C}.Debug|Any CPU.ActiveCfg = Debug|Any CPU
		{635F2682-2FD6-45E7-8004-AE06FF38568C}.Debug|Any CPU.Build.0 = Debug|Any CPU
		{635F2682-2FD6-45E7-8004-AE06FF38568C}.Release|Any CPU.ActiveCfg = Release|Any CPU
		{635F2682-2FD6-45E7-8004-AE06FF38568C}.Release|Any CPU.Build.0 = Release|Any CPU
		{5F99ECFC-9734-482A-840A-833B484C2C24}.Debug|Any CPU.ActiveCfg = Debug|Any CPU
		{5F99ECFC-9734-482A-840A-833B484C2C24}.Debug|Any CPU.Build.0 = Debug|Any CPU
		{5F99ECFC-9734-482A-840A-833B484C2C24}.Release|Any CPU.ActiveCfg = Release|Any CPU
		{5F99ECFC-9734-482A-840A-833B484C2C24}.Release|Any CPU.Build.0 = Release|Any CPU
	EndGlobalSection
	GlobalSection(SolutionProperties) = preSolution
		HideSolutionNode = FALSE
	EndGlobalSection
	GlobalSection(NestedProjects) = preSolution
		{5F99ECFC-9734-482A-840A-833B484C2C24} = {A1F89A48-02BC-4CF2-86E2-B7902C9077F5}
	EndGlobalSection
	GlobalSection(ExtensibilityGlobals) = postSolution
		SolutionGuid = {FBF4CF55-E9EE-4893-A65C-D9E8BC47CFBD}
	EndGlobalSection
EndGlobal
